// !$*UTF8*$!
{
	archiveVersion = 1;
	classes = {
	};
	objectVersion = 52;
	objects = {

/* Begin PBXBuildFile section */
		942E925C2B612ADF00775C12 /* AppDelegate.swift in Sources */ = {isa = PBXBuildFile; fileRef = 942E925B2B612ADF00775C12 /* AppDelegate.swift */; };
		942E925E2B612ADF00775C12 /* SceneDelegate.swift in Sources */ = {isa = PBXBuildFile; fileRef = 942E925D2B612ADF00775C12 /* SceneDelegate.swift */; };
		942E92602B612ADF00775C12 /* ViewController.swift in Sources */ = {isa = PBXBuildFile; fileRef = 942E925F2B612ADF00775C12 /* ViewController.swift */; };
		942E92632B612ADF00775C12 /* Main.storyboard in Resources */ = {isa = PBXBuildFile; fileRef = 942E92612B612ADF00775C12 /* Main.storyboard */; };
		942E92652B612AE000775C12 /* Assets.xcassets in Resources */ = {isa = PBXBuildFile; fileRef = 942E92642B612AE000775C12 /* Assets.xcassets */; };
		942E92682B612AE000775C12 /* LaunchScreen.storyboard in Resources */ = {isa = PBXBuildFile; fileRef = 942E92662B612AE000775C12 /* LaunchScreen.storyboard */; };
		942E92732B612AE000775C12 /* RecetasRepasoSwiftTests.swift in Sources */ = {isa = PBXBuildFile; fileRef = 942E92722B612AE000775C12 /* RecetasRepasoSwiftTests.swift */; };
		942E927E2B612AE000775C12 /* RecetasRepasoSwiftUITests.swift in Sources */ = {isa = PBXBuildFile; fileRef = 942E927D2B612AE000775C12 /* RecetasRepasoSwiftUITests.swift */; };
		942E92902B612B3900775C12 /* Alamofire in Frameworks */ = {isa = PBXBuildFile; productRef = 942E928F2B612B3900775C12 /* Alamofire */; };
		942E92962B612B7000775C12 /* AlamofireImage in Frameworks */ = {isa = PBXBuildFile; productRef = 942E92952B612B7000775C12 /* AlamofireImage */; };
		942E929C2B612C7F00775C12 /* modelos.swift in Sources */ = {isa = PBXBuildFile; fileRef = 942E929B2B612C7F00775C12 /* modelos.swift */; };
		942E92A52B612CC500775C12 /* ApiConexiones.swift in Sources */ = {isa = PBXBuildFile; fileRef = 942E92A42B612CC500775C12 /* ApiConexiones.swift */; };
		942E92AB2B61335A00775C12 /* CeldaCategoriesTableViewCell.swift in Sources */ = {isa = PBXBuildFile; fileRef = 942E92AA2B61335A00775C12 /* CeldaCategoriesTableViewCell.swift */; };
		942E92B02B6143A200775C12 /* MealsViewController.swift in Sources */ = {isa = PBXBuildFile; fileRef = 942E92AF2B6143A200775C12 /* MealsViewController.swift */; };
		946B0DE82B628E1F00E24D8A /* RecetaViewController.swift in Sources */ = {isa = PBXBuildFile; fileRef = 946B0DE72B628E1F00E24D8A /* RecetaViewController.swift */; };
/* End PBXBuildFile section */

/* Begin PBXContainerItemProxy section */
		942E926F2B612AE000775C12 /* PBXContainerItemProxy */ = {
			isa = PBXContainerItemProxy;
			containerPortal = 942E92502B612ADF00775C12 /* Project object */;
			proxyType = 1;
			remoteGlobalIDString = 942E92572B612ADF00775C12;
			remoteInfo = RecetasRepasoSwift;
		};
		942E927A2B612AE000775C12 /* PBXContainerItemProxy */ = {
			isa = PBXContainerItemProxy;
			containerPortal = 942E92502B612ADF00775C12 /* Project object */;
			proxyType = 1;
			remoteGlobalIDString = 942E92572B612ADF00775C12;
			remoteInfo = RecetasRepasoSwift;
		};
/* End PBXContainerItemProxy section */

/* Begin PBXFileReference section */
		942E92582B612ADF00775C12 /* RecetasRepasoSwift.app */ = {isa = PBXFileReference; explicitFileType = wrapper.application; includeInIndex = 0; path = RecetasRepasoSwift.app; sourceTree = BUILT_PRODUCTS_DIR; };
		942E925B2B612ADF00775C12 /* AppDelegate.swift */ = {isa = PBXFileReference; lastKnownFileType = sourcecode.swift; path = AppDelegate.swift; sourceTree = "<group>"; };
		942E925D2B612ADF00775C12 /* SceneDelegate.swift */ = {isa = PBXFileReference; lastKnownFileType = sourcecode.swift; path = SceneDelegate.swift; sourceTree = "<group>"; };
		942E925F2B612ADF00775C12 /* ViewController.swift */ = {isa = PBXFileReference; lastKnownFileType = sourcecode.swift; path = ViewController.swift; sourceTree = "<group>"; };
		942E92622B612ADF00775C12 /* Base */ = {isa = PBXFileReference; lastKnownFileType = file.storyboard; name = Base; path = Base.lproj/Main.storyboard; sourceTree = "<group>"; };
		942E92642B612AE000775C12 /* Assets.xcassets */ = {isa = PBXFileReference; lastKnownFileType = folder.assetcatalog; path = Assets.xcassets; sourceTree = "<group>"; };
		942E92672B612AE000775C12 /* Base */ = {isa = PBXFileReference; lastKnownFileType = file.storyboard; name = Base; path = Base.lproj/LaunchScreen.storyboard; sourceTree = "<group>"; };
		942E92692B612AE000775C12 /* Info.plist */ = {isa = PBXFileReference; lastKnownFileType = text.plist.xml; path = Info.plist; sourceTree = "<group>"; };
		942E926E2B612AE000775C12 /* RecetasRepasoSwiftTests.xctest */ = {isa = PBXFileReference; explicitFileType = wrapper.cfbundle; includeInIndex = 0; path = RecetasRepasoSwiftTests.xctest; sourceTree = BUILT_PRODUCTS_DIR; };
		942E92722B612AE000775C12 /* RecetasRepasoSwiftTests.swift */ = {isa = PBXFileReference; lastKnownFileType = sourcecode.swift; path = RecetasRepasoSwiftTests.swift; sourceTree = "<group>"; };
		942E92742B612AE000775C12 /* Info.plist */ = {isa = PBXFileReference; lastKnownFileType = text.plist.xml; path = Info.plist; sourceTree = "<group>"; };
		942E92792B612AE000775C12 /* RecetasRepasoSwiftUITests.xctest */ = {isa = PBXFileReference; explicitFileType = wrapper.cfbundle; includeInIndex = 0; path = RecetasRepasoSwiftUITests.xctest; sourceTree = BUILT_PRODUCTS_DIR; };
		942E927D2B612AE000775C12 /* RecetasRepasoSwiftUITests.swift */ = {isa = PBXFileReference; lastKnownFileType = sourcecode.swift; path = RecetasRepasoSwiftUITests.swift; sourceTree = "<group>"; };
		942E927F2B612AE000775C12 /* Info.plist */ = {isa = PBXFileReference; lastKnownFileType = text.plist.xml; path = Info.plist; sourceTree = "<group>"; };
		942E929B2B612C7F00775C12 /* modelos.swift */ = {isa = PBXFileReference; lastKnownFileType = sourcecode.swift; path = modelos.swift; sourceTree = "<group>"; };
		942E92A42B612CC500775C12 /* ApiConexiones.swift */ = {isa = PBXFileReference; lastKnownFileType = sourcecode.swift; path = ApiConexiones.swift; sourceTree = "<group>"; };
		942E92AA2B61335A00775C12 /* CeldaCategoriesTableViewCell.swift */ = {isa = PBXFileReference; lastKnownFileType = sourcecode.swift; path = CeldaCategoriesTableViewCell.swift; sourceTree = "<group>"; };
		942E92AF2B6143A200775C12 /* MealsViewController.swift */ = {isa = PBXFileReference; lastKnownFileType = sourcecode.swift; path = MealsViewController.swift; sourceTree = "<group>"; };
		946B0DE72B628E1F00E24D8A /* RecetaViewController.swift */ = {isa = PBXFileReference; lastKnownFileType = sourcecode.swift; path = RecetaViewController.swift; sourceTree = "<group>"; };
/* End PBXFileReference section */

/* Begin PBXFrameworksBuildPhase section */
		942E92552B612ADF00775C12 /* Frameworks */ = {
			isa = PBXFrameworksBuildPhase;
			buildActionMask = 2147483647;
			files = (
				942E92902B612B3900775C12 /* Alamofire in Frameworks */,
				942E92962B612B7000775C12 /* AlamofireImage in Frameworks */,
			);
			runOnlyForDeploymentPostprocessing = 0;
		};
		942E926B2B612AE000775C12 /* Frameworks */ = {
			isa = PBXFrameworksBuildPhase;
			buildActionMask = 2147483647;
			files = (
			);
			runOnlyForDeploymentPostprocessing = 0;
		};
		942E92762B612AE000775C12 /* Frameworks */ = {
			isa = PBXFrameworksBuildPhase;
			buildActionMask = 2147483647;
			files = (
			);
			runOnlyForDeploymentPostprocessing = 0;
		};
/* End PBXFrameworksBuildPhase section */

/* Begin PBXGroup section */
		942E924F2B612ADF00775C12 = {
			isa = PBXGroup;
			children = (
				942E925A2B612ADF00775C12 /* RecetasRepasoSwift */,
				942E92712B612AE000775C12 /* RecetasRepasoSwiftTests */,
				942E927C2B612AE000775C12 /* RecetasRepasoSwiftUITests */,
				942E92592B612ADF00775C12 /* Products */,
			);
			sourceTree = "<group>";
		};
		942E92592B612ADF00775C12 /* Products */ = {
			isa = PBXGroup;
			children = (
				942E92582B612ADF00775C12 /* RecetasRepasoSwift.app */,
				942E926E2B612AE000775C12 /* RecetasRepasoSwiftTests.xctest */,
				942E92792B612AE000775C12 /* RecetasRepasoSwiftUITests.xctest */,
			);
			name = Products;
			sourceTree = "<group>";
		};
		942E925A2B612ADF00775C12 /* RecetasRepasoSwift */ = {
			isa = PBXGroup;
			children = (
				942E92A92B61330A00775C12 /* controllers */,
				942E92A32B612CB800775C12 /* conexiones */,
				942E929A2B612C6E00775C12 /* modelos */,
				942E925B2B612ADF00775C12 /* AppDelegate.swift */,
				942E925D2B612ADF00775C12 /* SceneDelegate.swift */,
				942E925F2B612ADF00775C12 /* ViewController.swift */,
				942E92612B612ADF00775C12 /* Main.storyboard */,
				942E92642B612AE000775C12 /* Assets.xcassets */,
				942E92662B612AE000775C12 /* LaunchScreen.storyboard */,
				942E92692B612AE000775C12 /* Info.plist */,
			);
			path = RecetasRepasoSwift;
			sourceTree = "<group>";
		};
		942E92712B612AE000775C12 /* RecetasRepasoSwiftTests */ = {
			isa = PBXGroup;
			children = (
				942E92722B612AE000775C12 /* RecetasRepasoSwiftTests.swift */,
				942E92742B612AE000775C12 /* Info.plist */,
			);
			path = RecetasRepasoSwiftTests;
			sourceTree = "<group>";
		};
		942E927C2B612AE000775C12 /* RecetasRepasoSwiftUITests */ = {
			isa = PBXGroup;
			children = (
				942E927D2B612AE000775C12 /* RecetasRepasoSwiftUITests.swift */,
				942E927F2B612AE000775C12 /* Info.plist */,
			);
			path = RecetasRepasoSwiftUITests;
			sourceTree = "<group>";
		};
		942E929A2B612C6E00775C12 /* modelos */ = {
			isa = PBXGroup;
			children = (
				942E929B2B612C7F00775C12 /* modelos.swift */,
			);
			path = modelos;
			sourceTree = "<group>";
		};
		942E92A32B612CB800775C12 /* conexiones */ = {
			isa = PBXGroup;
			children = (
				942E92A42B612CC500775C12 /* ApiConexiones.swift */,
			);
			path = conexiones;
			sourceTree = "<group>";
		};
		942E92A92B61330A00775C12 /* controllers */ = {
			isa = PBXGroup;
			children = (
				942E92AA2B61335A00775C12 /* CeldaCategoriesTableViewCell.swift */,
				942E92AF2B6143A200775C12 /* MealsViewController.swift */,
				946B0DE72B628E1F00E24D8A /* RecetaViewController.swift */,
			);
			path = controllers;
			sourceTree = "<group>";
		};
/* End PBXGroup section */

/* Begin PBXNativeTarget section */
		942E92572B612ADF00775C12 /* RecetasRepasoSwift */ = {
			isa = PBXNativeTarget;
			buildConfigurationList = 942E92822B612AE000775C12 /* Build configuration list for PBXNativeTarget "RecetasRepasoSwift" */;
			buildPhases = (
				942E92542B612ADF00775C12 /* Sources */,
				942E92552B612ADF00775C12 /* Frameworks */,
				942E92562B612ADF00775C12 /* Resources */,
			);
			buildRules = (
			);
			dependencies = (
			);
			name = RecetasRepasoSwift;
			packageProductDependencies = (
				942E928F2B612B3900775C12 /* Alamofire */,
				942E92952B612B7000775C12 /* AlamofireImage */,
			);
			productName = RecetasRepasoSwift;
			productReference = 942E92582B612ADF00775C12 /* RecetasRepasoSwift.app */;
			productType = "com.apple.product-type.application";
		};
		942E926D2B612AE000775C12 /* RecetasRepasoSwiftTests */ = {
			isa = PBXNativeTarget;
			buildConfigurationList = 942E92852B612AE000775C12 /* Build configuration list for PBXNativeTarget "RecetasRepasoSwiftTests" */;
			buildPhases = (
				942E926A2B612AE000775C12 /* Sources */,
				942E926B2B612AE000775C12 /* Frameworks */,
				942E926C2B612AE000775C12 /* Resources */,
			);
			buildRules = (
			);
			dependencies = (
				942E92702B612AE000775C12 /* PBXTargetDependency */,
			);
			name = RecetasRepasoSwiftTests;
			productName = RecetasRepasoSwiftTests;
			productReference = 942E926E2B612AE000775C12 /* RecetasRepasoSwiftTests.xctest */;
			productType = "com.apple.product-type.bundle.unit-test";
		};
		942E92782B612AE000775C12 /* RecetasRepasoSwiftUITests */ = {
			isa = PBXNativeTarget;
			buildConfigurationList = 942E92882B612AE000775C12 /* Build configuration list for PBXNativeTarget "RecetasRepasoSwiftUITests" */;
			buildPhases = (
				942E92752B612AE000775C12 /* Sources */,
				942E92762B612AE000775C12 /* Frameworks */,
				942E92772B612AE000775C12 /* Resources */,
			);
			buildRules = (
			);
			dependencies = (
				942E927B2B612AE000775C12 /* PBXTargetDependency */,
			);
			name = RecetasRepasoSwiftUITests;
			productName = RecetasRepasoSwiftUITests;
			productReference = 942E92792B612AE000775C12 /* RecetasRepasoSwiftUITests.xctest */;
			productType = "com.apple.product-type.bundle.ui-testing";
		};
/* End PBXNativeTarget section */

/* Begin PBXProject section */
		942E92502B612ADF00775C12 /* Project object */ = {
			isa = PBXProject;
			attributes = {
				LastSwiftUpdateCheck = 1240;
				LastUpgradeCheck = 1240;
				TargetAttributes = {
					942E92572B612ADF00775C12 = {
						CreatedOnToolsVersion = 12.4;
					};
					942E926D2B612AE000775C12 = {
						CreatedOnToolsVersion = 12.4;
						TestTargetID = 942E92572B612ADF00775C12;
					};
					942E92782B612AE000775C12 = {
						CreatedOnToolsVersion = 12.4;
						TestTargetID = 942E92572B612ADF00775C12;
					};
				};
			};
			buildConfigurationList = 942E92532B612ADF00775C12 /* Build configuration list for PBXProject "RecetasRepasoSwift" */;
			compatibilityVersion = "Xcode 9.3";
			developmentRegion = en;
			hasScannedForEncodings = 0;
			knownRegions = (
				en,
				Base,
			);
			mainGroup = 942E924F2B612ADF00775C12;
			packageReferences = (
				942E928E2B612B3900775C12 /* XCRemoteSwiftPackageReference "Alamofire" */,
				942E92942B612B7000775C12 /* XCRemoteSwiftPackageReference "AlamofireImage" */,
			);
			productRefGroup = 942E92592B612ADF00775C12 /* Products */;
			projectDirPath = "";
			projectRoot = "";
			targets = (
				942E92572B612ADF00775C12 /* RecetasRepasoSwift */,
				942E926D2B612AE000775C12 /* RecetasRepasoSwiftTests */,
				942E92782B612AE000775C12 /* RecetasRepasoSwiftUITests */,
			);
		};
/* End PBXProject section */

/* Begin PBXResourcesBuildPhase section */
		942E92562B612ADF00775C12 /* Resources */ = {
			isa = PBXResourcesBuildPhase;
			buildActionMask = 2147483647;
			files = (
				942E92682B612AE000775C12 /* LaunchScreen.storyboard in Resources */,
				942E92652B612AE000775C12 /* Assets.xcassets in Resources */,
				942E92632B612ADF00775C12 /* Main.storyboard in Resources */,
			);
			runOnlyForDeploymentPostprocessing = 0;
		};
		942E926C2B612AE000775C12 /* Resources */ = {
			isa = PBXResourcesBuildPhase;
			buildActionMask = 2147483647;
			files = (
			);
			runOnlyForDeploymentPostprocessing = 0;
		};
		942E92772B612AE000775C12 /* Resources */ = {
			isa = PBXResourcesBuildPhase;
			buildActionMask = 2147483647;
			files = (
			);
			runOnlyForDeploymentPostprocessing = 0;
		};
/* End PBXResourcesBuildPhase section */

/* Begin PBXSourcesBuildPhase section */
		942E92542B612ADF00775C12 /* Sources */ = {
			isa = PBXSourcesBuildPhase;
			buildActionMask = 2147483647;
			files = (
				946B0DE82B628E1F00E24D8A /* RecetaViewController.swift in Sources */,
				942E92602B612ADF00775C12 /* ViewController.swift in Sources */,
				942E92AB2B61335A00775C12 /* CeldaCategoriesTableViewCell.swift in Sources */,
				942E925C2B612ADF00775C12 /* AppDelegate.swift in Sources */,
				942E92A52B612CC500775C12 /* ApiConexiones.swift in Sources */,
				942E92B02B6143A200775C12 /* MealsViewController.swift in Sources */,
				942E925E2B612ADF00775C12 /* SceneDelegate.swift in Sources */,
				942E929C2B612C7F00775C12 /* modelos.swift in Sources */,
			);
			runOnlyForDeploymentPostprocessing = 0;
		};
		942E926A2B612AE000775C12 /* Sources */ = {
			isa = PBXSourcesBuildPhase;
			buildActionMask = 2147483647;
			files = (
				942E92732B612AE000775C12 /* RecetasRepasoSwiftTests.swift in Sources */,
			);
			runOnlyForDeploymentPostprocessing = 0;
		};
		942E92752B612AE000775C12 /* Sources */ = {
			isa = PBXSourcesBuildPhase;
			buildActionMask = 2147483647;
			files = (
				942E927E2B612AE000775C12 /* RecetasRepasoSwiftUITests.swift in Sources */,
			);
			runOnlyForDeploymentPostprocessing = 0;
		};
/* End PBXSourcesBuildPhase section */

/* Begin PBXTargetDependency section */
		942E92702B612AE000775C12 /* PBXTargetDependency */ = {
			isa = PBXTargetDependency;
			target = 942E92572B612ADF00775C12 /* RecetasRepasoSwift */;
			targetProxy = 942E926F2B612AE000775C12 /* PBXContainerItemProxy */;
		};
		942E927B2B612AE000775C12 /* PBXTargetDependency */ = {
			isa = PBXTargetDependency;
			target = 942E92572B612ADF00775C12 /* RecetasRepasoSwift */;
			targetProxy = 942E927A2B612AE000775C12 /* PBXContainerItemProxy */;
		};
/* End PBXTargetDependency section */

/* Begin PBXVariantGroup section */
		942E92612B612ADF00775C12 /* Main.storyboard */ = {
			isa = PBXVariantGroup;
			children = (
				942E92622B612ADF00775C12 /* Base */,
			);
			name = Main.storyboard;
			sourceTree = "<group>";
		};
		942E92662B612AE000775C12 /* LaunchScreen.storyboard */ = {
			isa = PBXVariantGroup;
			children = (
				942E92672B612AE000775C12 /* Base */,
			);
			name = LaunchScreen.storyboard;
			sourceTree = "<group>";
		};
/* End PBXVariantGroup section */

/* Begin XCBuildConfiguration section */
		942E92802B612AE000775C12 /* Debug */ = {
			isa = XCBuildConfiguration;
			buildSettings = {
				ALWAYS_SEARCH_USER_PATHS = NO;
				CLANG_ANALYZER_NONNULL = YES;
				CLANG_ANALYZER_NUMBER_OBJECT_CONVERSION = YES_AGGRESSIVE;
				CLANG_CXX_LANGUAGE_STANDARD = "gnu++14";
				CLANG_CXX_LIBRARY = "libc++";
				CLANG_ENABLE_MODULES = YES;
				CLANG_ENABLE_OBJC_ARC = YES;
				CLANG_ENABLE_OBJC_WEAK = YES;
				CLANG_WARN_BLOCK_CAPTURE_AUTORELEASING = YES;
				CLANG_WARN_BOOL_CONVERSION = YES;
				CLANG_WARN_COMMA = YES;
				CLANG_WARN_CONSTANT_CONVERSION = YES;
				CLANG_WARN_DEPRECATED_OBJC_IMPLEMENTATIONS = YES;
				CLANG_WARN_DIRECT_OBJC_ISA_USAGE = YES_ERROR;
				CLANG_WARN_DOCUMENTATION_COMMENTS = YES;
				CLANG_WARN_EMPTY_BODY = YES;
				CLANG_WARN_ENUM_CONVERSION = YES;
				CLANG_WARN_INFINITE_RECURSION = YES;
				CLANG_WARN_INT_CONVERSION = YES;
				CLANG_WARN_NON_LITERAL_NULL_CONVERSION = YES;
				CLANG_WARN_OBJC_IMPLICIT_RETAIN_SELF = YES;
				CLANG_WARN_OBJC_LITERAL_CONVERSION = YES;
				CLANG_WARN_OBJC_ROOT_CLASS = YES_ERROR;
				CLANG_WARN_QUOTED_INCLUDE_IN_FRAMEWORK_HEADER = YES;
				CLANG_WARN_RANGE_LOOP_ANALYSIS = YES;
				CLANG_WARN_STRICT_PROTOTYPES = YES;
				CLANG_WARN_SUSPICIOUS_MOVE = YES;
				CLANG_WARN_UNGUARDED_AVAILABILITY = YES_AGGRESSIVE;
				CLANG_WARN_UNREACHABLE_CODE = YES;
				CLANG_WARN__DUPLICATE_METHOD_MATCH = YES;
				COPY_PHASE_STRIP = NO;
				DEBUG_INFORMATION_FORMAT = dwarf;
				ENABLE_STRICT_OBJC_MSGSEND = YES;
				ENABLE_TESTABILITY = YES;
				GCC_C_LANGUAGE_STANDARD = gnu11;
				GCC_DYNAMIC_NO_PIC = NO;
				GCC_NO_COMMON_BLOCKS = YES;
				GCC_OPTIMIZATION_LEVEL = 0;
				GCC_PREPROCESSOR_DEFINITIONS = (
					"DEBUG=1",
					"$(inherited)",
				);
				GCC_WARN_64_TO_32_BIT_CONVERSION = YES;
				GCC_WARN_ABOUT_RETURN_TYPE = YES_ERROR;
				GCC_WARN_UNDECLARED_SELECTOR = YES;
				GCC_WARN_UNINITIALIZED_AUTOS = YES_AGGRESSIVE;
				GCC_WARN_UNUSED_FUNCTION = YES;
				GCC_WARN_UNUSED_VARIABLE = YES;
				IPHONEOS_DEPLOYMENT_TARGET = 14.4;
				MTL_ENABLE_DEBUG_INFO = INCLUDE_SOURCE;
				MTL_FAST_MATH = YES;
				ONLY_ACTIVE_ARCH = YES;
				SDKROOT = iphoneos;
				SWIFT_ACTIVE_COMPILATION_CONDITIONS = DEBUG;
				SWIFT_OPTIMIZATION_LEVEL = "-Onone";
			};
			name = Debug;
		};
		942E92812B612AE000775C12 /* Release */ = {
			isa = XCBuildConfiguration;
			buildSettings = {
				ALWAYS_SEARCH_USER_PATHS = NO;
				CLANG_ANALYZER_NONNULL = YES;
				CLANG_ANALYZER_NUMBER_OBJECT_CONVERSION = YES_AGGRESSIVE;
				CLANG_CXX_LANGUAGE_STANDARD = "gnu++14";
				CLANG_CXX_LIBRARY = "libc++";
				CLANG_ENABLE_MODULES = YES;
				CLANG_ENABLE_OBJC_ARC = YES;
				CLANG_ENABLE_OBJC_WEAK = YES;
				CLANG_WARN_BLOCK_CAPTURE_AUTORELEASING = YES;
				CLANG_WARN_BOOL_CONVERSION = YES;
				CLANG_WARN_COMMA = YES;
				CLANG_WARN_CONSTANT_CONVERSION = YES;
				CLANG_WARN_DEPRECATED_OBJC_IMPLEMENTATIONS = YES;
				CLANG_WARN_DIRECT_OBJC_ISA_USAGE = YES_ERROR;
				CLANG_WARN_DOCUMENTATION_COMMENTS = YES;
				CLANG_WARN_EMPTY_BODY = YES;
				CLANG_WARN_ENUM_CONVERSION = YES;
				CLANG_WARN_INFINITE_RECURSION = YES;
				CLANG_WARN_INT_CONVERSION = YES;
				CLANG_WARN_NON_LITERAL_NULL_CONVERSION = YES;
				CLANG_WARN_OBJC_IMPLICIT_RETAIN_SELF = YES;
				CLANG_WARN_OBJC_LITERAL_CONVERSION = YES;
				CLANG_WARN_OBJC_ROOT_CLASS = YES_ERROR;
				CLANG_WARN_QUOTED_INCLUDE_IN_FRAMEWORK_HEADER = YES;
				CLANG_WARN_RANGE_LOOP_ANALYSIS = YES;
				CLANG_WARN_STRICT_PROTOTYPES = YES;
				CLANG_WARN_SUSPICIOUS_MOVE = YES;
				CLANG_WARN_UNGUARDED_AVAILABILITY = YES_AGGRESSIVE;
				CLANG_WARN_UNREACHABLE_CODE = YES;
				CLANG_WARN__DUPLICATE_METHOD_MATCH = YES;
				COPY_PHASE_STRIP = NO;
				DEBUG_INFORMATION_FORMAT = "dwarf-with-dsym";
				ENABLE_NS_ASSERTIONS = NO;
				ENABLE_STRICT_OBJC_MSGSEND = YES;
				GCC_C_LANGUAGE_STANDARD = gnu11;
				GCC_NO_COMMON_BLOCKS = YES;
				GCC_WARN_64_TO_32_BIT_CONVERSION = YES;
				GCC_WARN_ABOUT_RETURN_TYPE = YES_ERROR;
				GCC_WARN_UNDECLARED_SELECTOR = YES;
				GCC_WARN_UNINITIALIZED_AUTOS = YES_AGGRESSIVE;
				GCC_WARN_UNUSED_FUNCTION = YES;
				GCC_WARN_UNUSED_VARIABLE = YES;
				IPHONEOS_DEPLOYMENT_TARGET = 14.4;
				MTL_ENABLE_DEBUG_INFO = NO;
				MTL_FAST_MATH = YES;
				SDKROOT = iphoneos;
				SWIFT_COMPILATION_MODE = wholemodule;
				SWIFT_OPTIMIZATION_LEVEL = "-O";
				VALIDATE_PRODUCT = YES;
			};
			name = Release;
		};
		942E92832B612AE000775C12 /* Debug */ = {
			isa = XCBuildConfiguration;
			buildSettings = {
				ASSETCATALOG_COMPILER_APPICON_NAME = AppIcon;
				ASSETCATALOG_COMPILER_GLOBAL_ACCENT_COLOR_NAME = AccentColor;
				CODE_SIGN_STYLE = Automatic;
				INFOPLIST_FILE = RecetasRepasoSwift/Info.plist;
				LD_RUNPATH_SEARCH_PATHS = (
					"$(inherited)",
					"@executable_path/Frameworks",
				);
				PRODUCT_BUNDLE_IDENTIFIER = ignaciocampillos.RecetasRepasoSwift;
				PRODUCT_NAME = "$(TARGET_NAME)";
				SWIFT_VERSION = 5.0;
				TARGETED_DEVICE_FAMILY = "1,2";
			};
			name = Debug;
		};
		942E92842B612AE000775C12 /* Release */ = {
			isa = XCBuildConfiguration;
			buildSettings = {
				ASSETCATALOG_COMPILER_APPICON_NAME = AppIcon;
				ASSETCATALOG_COMPILER_GLOBAL_ACCENT_COLOR_NAME = AccentColor;
				CODE_SIGN_STYLE = Automatic;
				INFOPLIST_FILE = RecetasRepasoSwift/Info.plist;
				LD_RUNPATH_SEARCH_PATHS = (
					"$(inherited)",
					"@executable_path/Frameworks",
				);
				PRODUCT_BUNDLE_IDENTIFIER = ignaciocampillos.RecetasRepasoSwift;
				PRODUCT_NAME = "$(TARGET_NAME)";
				SWIFT_VERSION = 5.0;
				TARGETED_DEVICE_FAMILY = "1,2";
			};
			name = Release;
		};
		942E92862B612AE000775C12 /* Debug */ = {
			isa = XCBuildConfiguration;
			buildSettings = {
				ALWAYS_EMBED_SWIFT_STANDARD_LIBRARIES = YES;
				BUNDLE_LOADER = "$(TEST_HOST)";
				CODE_SIGN_STYLE = Automatic;
				INFOPLIST_FILE = RecetasRepasoSwiftTests/Info.plist;
				IPHONEOS_DEPLOYMENT_TARGET = 14.4;
				LD_RUNPATH_SEARCH_PATHS = (
					"$(inherited)",
					"@executable_path/Frameworks",
					"@loader_path/Frameworks",
				);
				PRODUCT_BUNDLE_IDENTIFIER = ignaciocampillos.RecetasRepasoSwiftTests;
				PRODUCT_NAME = "$(TARGET_NAME)";
				SWIFT_VERSION = 5.0;
				TARGETED_DEVICE_FAMILY = "1,2";
				TEST_HOST = "$(BUILT_PRODUCTS_DIR)/RecetasRepasoSwift.app/RecetasRepasoSwift";
			};
			name = Debug;
		};
		942E92872B612AE000775C12 /* Release */ = {
			isa = XCBuildConfiguration;
			buildSettings = {
				ALWAYS_EMBED_SWIFT_STANDARD_LIBRARIES = YES;
				BUNDLE_LOADER = "$(TEST_HOST)";
				CODE_SIGN_STYLE = Automatic;
				INFOPLIST_FILE = RecetasRepasoSwiftTests/Info.plist;
				IPHONEOS_DEPLOYMENT_TARGET = 14.4;
				LD_RUNPATH_SEARCH_PATHS = (
					"$(inherited)",
					"@executable_path/Frameworks",
					"@loader_path/Frameworks",
				);
				PRODUCT_BUNDLE_IDENTIFIER = ignaciocampillos.RecetasRepasoSwiftTests;
				PRODUCT_NAME = "$(TARGET_NAME)";
				SWIFT_VERSION = 5.0;
				TARGETED_DEVICE_FAMILY = "1,2";
				TEST_HOST = "$(BUILT_PRODUCTS_DIR)/RecetasRepasoSwift.app/RecetasRepasoSwift";
			};
			name = Release;
		};
		942E92892B612AE000775C12 /* Debug */ = {
			isa = XCBuildConfiguration;
			buildSettings = {
				ALWAYS_EMBED_SWIFT_STANDARD_LIBRARIES = YES;
				CODE_SIGN_STYLE = Automatic;
				INFOPLIST_FILE = RecetasRepasoSwiftUITests/Info.plist;
				LD_RUNPATH_SEARCH_PATHS = (
					"$(inherited)",
					"@executable_path/Frameworks",
					"@loader_path/Frameworks",
				);
				PRODUCT_BUNDLE_IDENTIFIER = ignaciocampillos.RecetasRepasoSwiftUITests;
				PRODUCT_NAME = "$(TARGET_NAME)";
				SWIFT_VERSION = 5.0;
				TARGETED_DEVICE_FAMILY = "1,2";
				TEST_TARGET_NAME = RecetasRepasoSwift;
			};
			name = Debug;
		};
		942E928A2B612AE000775C12 /* Release */ = {
			isa = XCBuildConfiguration;
			buildSettings = {
				ALWAYS_EMBED_SWIFT_STANDARD_LIBRARIES = YES;
				CODE_SIGN_STYLE = Automatic;
				INFOPLIST_FILE = RecetasRepasoSwiftUITests/Info.plist;
				LD_RUNPATH_SEARCH_PATHS = (
					"$(inherited)",
					"@executable_path/Frameworks",
					"@loader_path/Frameworks",
				);
				PRODUCT_BUNDLE_IDENTIFIER = ignaciocampillos.RecetasRepasoSwiftUITests;
				PRODUCT_NAME = "$(TARGET_NAME)";
				SWIFT_VERSION = 5.0;
				TARGETED_DEVICE_FAMILY = "1,2";
				TEST_TARGET_NAME = RecetasRepasoSwift;
			};
			name = Release;
		};
/* End XCBuildConfiguration section */

/* Begin XCConfigurationList section */
		942E92532B612ADF00775C12 /* Build configuration list for PBXProject "RecetasRepasoSwift" */ = {
			isa = XCConfigurationList;
			buildConfigurations = (
				942E92802B612AE000775C12 /* Debug */,
				942E92812B612AE000775C12 /* Release */,
			);
			defaultConfigurationIsVisible = 0;
			defaultConfigurationName = Release;
		};
		942E92822B612AE000775C12 /* Build configuration list for PBXNativeTarget "RecetasRepasoSwift" */ = {
			isa = XCConfigurationList;
			buildConfigurations = (
				942E92832B612AE000775C12 /* Debug */,
				942E92842B612AE000775C12 /* Release */,
			);
			defaultConfigurationIsVisible = 0;
			defaultConfigurationName = Release;
		};
		942E92852B612AE000775C12 /* Build configuration list for PBXNativeTarget "RecetasRepasoSwiftTests" */ = {
			isa = XCConfigurationList;
			buildConfigurations = (
				942E92862B612AE000775C12 /* Debug */,
				942E92872B612AE000775C12 /* Release */,
			);
			defaultConfigurationIsVisible = 0;
			defaultConfigurationName = Release;
		};
		942E92882B612AE000775C12 /* Build configuration list for PBXNativeTarget "RecetasRepasoSwiftUITests" */ = {
			isa = XCConfigurationList;
			buildConfigurations = (
				942E92892B612AE000775C12 /* Debug */,
				942E928A2B612AE000775C12 /* Release */,
			);
			defaultConfigurationIsVisible = 0;
			defaultConfigurationName = Release;
		};
/* End XCConfigurationList section */

/* Begin XCRemoteSwiftPackageReference section */
		942E928E2B612B3900775C12 /* XCRemoteSwiftPackageReference "Alamofire" */ = {
			isa = XCRemoteSwiftPackageReference;
			repositoryURL = "https://github.com/Alamofire/Alamofire.git";
			requirement = {
				kind = upToNextMajorVersion;
				minimumVersion = 5.0.0;
			};
		};
		942E92942B612B7000775C12 /* XCRemoteSwiftPackageReference "AlamofireImage" */ = {
			isa = XCRemoteSwiftPackageReference;
			repositoryURL = "https://github.com/Alamofire/AlamofireImage.git";
			requirement = {
				kind = upToNextMajorVersion;
				minimumVersion = 4.0.0;
			};
		};
/* End XCRemoteSwiftPackageReference section */

/* Begin XCSwiftPackageProductDependency section */
		942E928F2B612B3900775C12 /* Alamofire */ = {
			isa = XCSwiftPackageProductDependency;
			package = 942E928E2B612B3900775C12 /* XCRemoteSwiftPackageReference "Alamofire" */;
			productName = Alamofire;
		};
		942E92952B612B7000775C12 /* AlamofireImage */ = {
			isa = XCSwiftPackageProductDependency;
			package = 942E92942B612B7000775C12 /* XCRemoteSwiftPackageReference "AlamofireImage" */;
			productName = AlamofireImage;
		};
/* End XCSwiftPackageProductDependency section */
	};
	rootObject = 942E92502B612ADF00775C12 /* Project object */;
}
